// !$*UTF8*$!
{
	archiveVersion = 1;
	classes = {
	};
	objectVersion = 42;
	objects = {

/* Begin PBXBuildFile section */
		17A67ED81220168000BECE6F /* defaultSettings.plist in Resources */ = {isa = PBXBuildFile; fileRef = 17A67ED71220168000BECE6F /* defaultSettings.plist */; };
		8D5B49B4048680CD000E48DA /* Cocoa.framework in Frameworks */ = {isa = PBXBuildFile; fileRef = 1058C7ADFEA557BF11CA2CBB /* Cocoa.framework */; };
		B2B89112121CD28E00AC78F1 /* MDMissingDrawer.m in Sources */ = {isa = PBXBuildFile; fileRef = B2B890FC121CD28D00AC78F1 /* MDMissingDrawer.m */; };
		B2B89113121CD28E00AC78F1 /* MDResizer.m in Sources */ = {isa = PBXBuildFile; fileRef = B2B890FE121CD28D00AC78F1 /* MDResizer.m */; };
		B2B89114121CD28E00AC78F1 /* MDSettings.m in Sources */ = {isa = PBXBuildFile; fileRef = B2B89100121CD28D00AC78F1 /* MDSettings.m */; };
		B2B89115121CD28E00AC78F1 /* MDSidebarBorderView.m in Sources */ = {isa = PBXBuildFile; fileRef = B2B89102121CD28D00AC78F1 /* MDSidebarBorderView.m */; };
		B2B89116121CD28E00AC78F1 /* MDSplitView.m in Sources */ = {isa = PBXBuildFile; fileRef = B2B89104121CD28D00AC78F1 /* MDSplitView.m */; };
		B2B89117121CD28E00AC78F1 /* DrawerBorder.png in Resources */ = {isa = PBXBuildFile; fileRef = B2B89107121CD28D00AC78F1 /* DrawerBorder.png */; };
		B2B89118121CD28E00AC78F1 /* DrawerResizeHandle.png in Resources */ = {isa = PBXBuildFile; fileRef = B2B89109121CD28D00AC78F1 /* DrawerResizeHandle.png */; };
		B2B89119121CD28E00AC78F1 /* InfoPlist.strings in Resources */ = {isa = PBXBuildFile; fileRef = B2B8910B121CD28D00AC78F1 /* InfoPlist.strings */; };
		B2B8911A121CD28E00AC78F1 /* OpenTerminalHere.png in Resources */ = {isa = PBXBuildFile; fileRef = B2B8910D121CD28D00AC78F1 /* OpenTerminalHere.png */; };
		B2B8911B121CD28E00AC78F1 /* OpenTerminalHerePressed.png in Resources */ = {isa = PBXBuildFile; fileRef = B2B8910F121CD28D00AC78F1 /* OpenTerminalHerePressed.png */; };
		B2B89194121CDA1A00AC78F1 /* NSWindowController+MDMethodReplacements.m in Sources */ = {isa = PBXBuildFile; fileRef = B2B89193121CDA1A00AC78F1 /* NSWindowController+MDMethodReplacements.m */; };
		B2B89197121CDA5800AC78F1 /* NSWindowController+MDAdditions.m in Sources */ = {isa = PBXBuildFile; fileRef = B2B89196121CDA5800AC78F1 /* NSWindowController+MDAdditions.m */; };
/* End PBXBuildFile section */

/* Begin PBXFileReference section */
		089C1672FE841209C02AAC07 /* Foundation.framework */ = {isa = PBXFileReference; lastKnownFileType = wrapper.framework; name = Foundation.framework; path = /System/Library/Frameworks/Foundation.framework; sourceTree = "<absolute>"; };
		089C167FFE841241C02AAC07 /* AppKit.framework */ = {isa = PBXFileReference; lastKnownFileType = wrapper.framework; name = AppKit.framework; path = /System/Library/Frameworks/AppKit.framework; sourceTree = "<absolute>"; };
		1058C7ADFEA557BF11CA2CBB /* Cocoa.framework */ = {isa = PBXFileReference; lastKnownFileType = wrapper.framework; name = Cocoa.framework; path = /System/Library/Frameworks/Cocoa.framework; sourceTree = "<absolute>"; };
		17A67ED71220168000BECE6F /* defaultSettings.plist */ = {isa = PBXFileReference; fileEncoding = 4; lastKnownFileType = text.plist.xml; path = defaultSettings.plist; sourceTree = "<group>"; };
		8D5B49B6048680CD000E48DA /* MissingDrawer.tmplugin */ = {isa = PBXFileReference; explicitFileType = wrapper.cfbundle; includeInIndex = 0; path = MissingDrawer.tmplugin; sourceTree = BUILT_PRODUCTS_DIR; };
		B2B890FB121CD28D00AC78F1 /* MDMissingDrawer.h */ = {isa = PBXFileReference; fileEncoding = 4; lastKnownFileType = sourcecode.c.h; path = MDMissingDrawer.h; sourceTree = "<group>"; };
		B2B890FC121CD28D00AC78F1 /* MDMissingDrawer.m */ = {isa = PBXFileReference; fileEncoding = 4; lastKnownFileType = sourcecode.c.objc; path = MDMissingDrawer.m; sourceTree = "<group>"; };
		B2B890FD121CD28D00AC78F1 /* MDResizer.h */ = {isa = PBXFileReference; fileEncoding = 4; lastKnownFileType = sourcecode.c.h; path = MDResizer.h; sourceTree = "<group>"; };
		B2B890FE121CD28D00AC78F1 /* MDResizer.m */ = {isa = PBXFileReference; fileEncoding = 4; lastKnownFileType = sourcecode.c.objc; path = MDResizer.m; sourceTree = "<group>"; };
		B2B890FF121CD28D00AC78F1 /* MDSettings.h */ = {isa = PBXFileReference; fileEncoding = 4; lastKnownFileType = sourcecode.c.h; path = MDSettings.h; sourceTree = "<group>"; };
		B2B89100121CD28D00AC78F1 /* MDSettings.m */ = {isa = PBXFileReference; fileEncoding = 4; lastKnownFileType = sourcecode.c.objc; path = MDSettings.m; sourceTree = "<group>"; };
		B2B89101121CD28D00AC78F1 /* MDSidebarBorderView.h */ = {isa = PBXFileReference; fileEncoding = 4; lastKnownFileType = sourcecode.c.h; path = MDSidebarBorderView.h; sourceTree = "<group>"; };
		B2B89102121CD28D00AC78F1 /* MDSidebarBorderView.m */ = {isa = PBXFileReference; fileEncoding = 4; lastKnownFileType = sourcecode.c.objc; path = MDSidebarBorderView.m; sourceTree = "<group>"; };
		B2B89103121CD28D00AC78F1 /* MDSplitView.h */ = {isa = PBXFileReference; fileEncoding = 4; lastKnownFileType = sourcecode.c.h; path = MDSplitView.h; sourceTree = "<group>"; };
		B2B89104121CD28D00AC78F1 /* MDSplitView.m */ = {isa = PBXFileReference; fileEncoding = 4; lastKnownFileType = sourcecode.c.objc; path = MDSplitView.m; sourceTree = "<group>"; };
		B2B89108121CD28D00AC78F1 /* English */ = {isa = PBXFileReference; lastKnownFileType = image.png; name = English; path = English.lproj/DrawerBorder.png; sourceTree = "<group>"; };
		B2B8910A121CD28D00AC78F1 /* English */ = {isa = PBXFileReference; lastKnownFileType = image.png; name = English; path = English.lproj/DrawerResizeHandle.png; sourceTree = "<group>"; };
		B2B8910C121CD28D00AC78F1 /* English */ = {isa = PBXFileReference; fileEncoding = 4; lastKnownFileType = text.plist.strings; name = English; path = English.lproj/InfoPlist.strings; sourceTree = "<group>"; };
		B2B8910E121CD28D00AC78F1 /* English */ = {isa = PBXFileReference; lastKnownFileType = image.png; name = English; path = English.lproj/OpenTerminalHere.png; sourceTree = "<group>"; };
		B2B89110121CD28D00AC78F1 /* English */ = {isa = PBXFileReference; lastKnownFileType = image.png; name = English; path = English.lproj/OpenTerminalHerePressed.png; sourceTree = "<group>"; };
		B2B89111121CD28E00AC78F1 /* Info.plist */ = {isa = PBXFileReference; fileEncoding = 4; lastKnownFileType = text.plist.xml; path = Info.plist; sourceTree = "<group>"; };
		B2B89128121CD2B800AC78F1 /* MissingDrawer_Prefix.pch */ = {isa = PBXFileReference; fileEncoding = 4; lastKnownFileType = sourcecode.c.h; path = MissingDrawer_Prefix.pch; sourceTree = "<group>"; };
		B2B89134121CD38D00AC78F1 /* TMPlugInController.h */ = {isa = PBXFileReference; fileEncoding = 4; lastKnownFileType = sourcecode.c.h; path = TMPlugInController.h; sourceTree = "<group>"; };
		B2B89192121CDA1A00AC78F1 /* NSWindowController+MDMethodReplacements.h */ = {isa = PBXFileReference; fileEncoding = 4; lastKnownFileType = sourcecode.c.h; path = "NSWindowController+MDMethodReplacements.h"; sourceTree = "<group>"; };
		B2B89193121CDA1A00AC78F1 /* NSWindowController+MDMethodReplacements.m */ = {isa = PBXFileReference; fileEncoding = 4; lastKnownFileType = sourcecode.c.objc; path = "NSWindowController+MDMethodReplacements.m"; sourceTree = "<group>"; };
		B2B89195121CDA5800AC78F1 /* NSWindowController+MDAdditions.h */ = {isa = PBXFileReference; fileEncoding = 4; lastKnownFileType = sourcecode.c.h; path = "NSWindowController+MDAdditions.h"; sourceTree = "<group>"; };
		B2B89196121CDA5800AC78F1 /* NSWindowController+MDAdditions.m */ = {isa = PBXFileReference; fileEncoding = 4; lastKnownFileType = sourcecode.c.objc; path = "NSWindowController+MDAdditions.m"; sourceTree = "<group>"; };
		B2B891DD121CDCAA00AC78F1 /* MDDebugUtils.h */ = {isa = PBXFileReference; fileEncoding = 4; lastKnownFileType = sourcecode.c.h; path = MDDebugUtils.h; sourceTree = "<group>"; };
		D2F7E65807B2D6F200F64583 /* CoreData.framework */ = {isa = PBXFileReference; lastKnownFileType = wrapper.framework; name = CoreData.framework; path = /System/Library/Frameworks/CoreData.framework; sourceTree = "<absolute>"; };
/* End PBXFileReference section */

/* Begin PBXFrameworksBuildPhase section */
		8D5B49B3048680CD000E48DA /* Frameworks */ = {
			isa = PBXFrameworksBuildPhase;
			buildActionMask = 2147483647;
			files = (
				8D5B49B4048680CD000E48DA /* Cocoa.framework in Frameworks */,
			);
			runOnlyForDeploymentPostprocessing = 0;
		};
/* End PBXFrameworksBuildPhase section */

/* Begin PBXGroup section */
		089C166AFE841209C02AAC07 /* MissingDrawer */ = {
			isa = PBXGroup;
			children = (
				B2B890F9121CD28D00AC78F1 /* Classes */,
				B2B89106121CD28D00AC78F1 /* Resources */,
				B2B89127121CD2B800AC78F1 /* Other Sources */,
				089C1671FE841209C02AAC07 /* Frameworks and Libraries */,
				19C28FB8FE9D52D311CA2CBB /* Products */,
			);
			name = MissingDrawer;
			sourceTree = "<group>";
		};
		089C1671FE841209C02AAC07 /* Frameworks and Libraries */ = {
			isa = PBXGroup;
			children = (
				1058C7ACFEA557BF11CA2CBB /* Linked Frameworks */,
				1058C7AEFEA557BF11CA2CBB /* Other Frameworks */,
			);
			name = "Frameworks and Libraries";
			sourceTree = "<group>";
		};
		1058C7ACFEA557BF11CA2CBB /* Linked Frameworks */ = {
			isa = PBXGroup;
			children = (
				1058C7ADFEA557BF11CA2CBB /* Cocoa.framework */,
			);
			name = "Linked Frameworks";
			sourceTree = "<group>";
		};
		1058C7AEFEA557BF11CA2CBB /* Other Frameworks */ = {
			isa = PBXGroup;
			children = (
				089C167FFE841241C02AAC07 /* AppKit.framework */,
				D2F7E65807B2D6F200F64583 /* CoreData.framework */,
				089C1672FE841209C02AAC07 /* Foundation.framework */,
			);
			name = "Other Frameworks";
			sourceTree = "<group>";
		};
		19C28FB8FE9D52D311CA2CBB /* Products */ = {
			isa = PBXGroup;
			children = (
				8D5B49B6048680CD000E48DA /* MissingDrawer.tmplugin */,
			);
			name = Products;
			sourceTree = "<group>";
		};
		B2B890F9121CD28D00AC78F1 /* Classes */ = {
			isa = PBXGroup;
			children = (
				B2B891E0121CDCB100AC78F1 /* Plugin */,
				B2B891D4121CDC7F00AC78F1 /* Views */,
				B2B891D2121CDC7000AC78F1 /* Categories */,
			);
			path = Classes;
			sourceTree = "<group>";
		};
		B2B89106121CD28D00AC78F1 /* Resources */ = {
			isa = PBXGroup;
			children = (
				17A67ED71220168000BECE6F /* defaultSettings.plist */,
				B2B89107121CD28D00AC78F1 /* DrawerBorder.png */,
				B2B89109121CD28D00AC78F1 /* DrawerResizeHandle.png */,
				B2B8910B121CD28D00AC78F1 /* InfoPlist.strings */,
				B2B8910D121CD28D00AC78F1 /* OpenTerminalHere.png */,
				B2B8910F121CD28D00AC78F1 /* OpenTerminalHerePressed.png */,
				B2B89111121CD28E00AC78F1 /* Info.plist */,
			);
			path = Resources;
			sourceTree = "<group>";
		};
		B2B89127121CD2B800AC78F1 /* Other Sources */ = {
			isa = PBXGroup;
			children = (
				B2B891DD121CDCAA00AC78F1 /* MDDebugUtils.h */,
				B2B89128121CD2B800AC78F1 /* MissingDrawer_Prefix.pch */,
			);
			path = "Other Sources";
			sourceTree = "<group>";
		};
		B2B891D2121CDC7000AC78F1 /* Categories */ = {
			isa = PBXGroup;
			children = (
				B2B89192121CDA1A00AC78F1 /* NSWindowController+MDMethodReplacements.h */,
				B2B89193121CDA1A00AC78F1 /* NSWindowController+MDMethodReplacements.m */,
				B2B89195121CDA5800AC78F1 /* NSWindowController+MDAdditions.h */,
				B2B89196121CDA5800AC78F1 /* NSWindowController+MDAdditions.m */,
			);
			name = Categories;
			sourceTree = "<group>";
		};
		B2B891D4121CDC7F00AC78F1 /* Views */ = {
			isa = PBXGroup;
			children = (
				B2B890FD121CD28D00AC78F1 /* MDResizer.h */,
				B2B890FE121CD28D00AC78F1 /* MDResizer.m */,
				B2B89101121CD28D00AC78F1 /* MDSidebarBorderView.h */,
				B2B89102121CD28D00AC78F1 /* MDSidebarBorderView.m */,
				B2B89103121CD28D00AC78F1 /* MDSplitView.h */,
				B2B89104121CD28D00AC78F1 /* MDSplitView.m */,
			);
			name = Views;
			sourceTree = "<group>";
		};
		B2B891E0121CDCB100AC78F1 /* Plugin */ = {
			isa = PBXGroup;
			children = (
				B2B89134121CD38D00AC78F1 /* TMPlugInController.h */,
				B2B890FB121CD28D00AC78F1 /* MDMissingDrawer.h */,
				B2B890FC121CD28D00AC78F1 /* MDMissingDrawer.m */,
				B2B890FF121CD28D00AC78F1 /* MDSettings.h */,
				B2B89100121CD28D00AC78F1 /* MDSettings.m */,
			);
			name = Plugin;
			sourceTree = "<group>";
		};
/* End PBXGroup section */

/* Begin PBXNativeTarget section */
		8D5B49AC048680CD000E48DA /* MissingDrawer */ = {
			isa = PBXNativeTarget;
			buildConfigurationList = 1DEB913A08733D840010E9CD /* Build configuration list for PBXNativeTarget "MissingDrawer" */;
			buildPhases = (
				8D5B49AF048680CD000E48DA /* Resources */,
				8D5B49B1048680CD000E48DA /* Sources */,
				8D5B49B3048680CD000E48DA /* Frameworks */,
			);
			buildRules = (
			);
			dependencies = (
			);
			name = MissingDrawer;
			productInstallPath = "$(HOME)/Library/Bundles";
			productName = MissingDrawer;
			productReference = 8D5B49B6048680CD000E48DA /* MissingDrawer.tmplugin */;
			productType = "com.apple.product-type.bundle";
		};
/* End PBXNativeTarget section */

/* Begin PBXProject section */
		089C1669FE841209C02AAC07 /* Project object */ = {
			isa = PBXProject;
			buildConfigurationList = 1DEB913E08733D840010E9CD /* Build configuration list for PBXProject "MissingDrawer" */;
			compatibilityVersion = "Xcode 2.4";
			developmentRegion = English;
			hasScannedForEncodings = 1;
			knownRegions = (
				English,
				Japanese,
				French,
				German,
			);
			mainGroup = 089C166AFE841209C02AAC07 /* MissingDrawer */;
			projectDirPath = "";
			projectRoot = "";
			targets = (
				8D5B49AC048680CD000E48DA /* MissingDrawer */,
			);
		};
/* End PBXProject section */

/* Begin PBXResourcesBuildPhase section */
		8D5B49AF048680CD000E48DA /* Resources */ = {
			isa = PBXResourcesBuildPhase;
			buildActionMask = 2147483647;
			files = (
				B2B89117121CD28E00AC78F1 /* DrawerBorder.png in Resources */,
				B2B89118121CD28E00AC78F1 /* DrawerResizeHandle.png in Resources */,
				B2B89119121CD28E00AC78F1 /* InfoPlist.strings in Resources */,
				B2B8911A121CD28E00AC78F1 /* OpenTerminalHere.png in Resources */,
				B2B8911B121CD28E00AC78F1 /* OpenTerminalHerePressed.png in Resources */,
				17A67ED81220168000BECE6F /* defaultSettings.plist in Resources */,
			);
			runOnlyForDeploymentPostprocessing = 0;
		};
/* End PBXResourcesBuildPhase section */

/* Begin PBXSourcesBuildPhase section */
		8D5B49B1048680CD000E48DA /* Sources */ = {
			isa = PBXSourcesBuildPhase;
			buildActionMask = 2147483647;
			files = (
				B2B89112121CD28E00AC78F1 /* MDMissingDrawer.m in Sources */,
				B2B89113121CD28E00AC78F1 /* MDResizer.m in Sources */,
				B2B89114121CD28E00AC78F1 /* MDSettings.m in Sources */,
				B2B89115121CD28E00AC78F1 /* MDSidebarBorderView.m in Sources */,
				B2B89116121CD28E00AC78F1 /* MDSplitView.m in Sources */,
				B2B89194121CDA1A00AC78F1 /* NSWindowController+MDMethodReplacements.m in Sources */,
				B2B89197121CDA5800AC78F1 /* NSWindowController+MDAdditions.m in Sources */,
			);
			runOnlyForDeploymentPostprocessing = 0;
		};
/* End PBXSourcesBuildPhase section */

/* Begin PBXVariantGroup section */
		B2B89107121CD28D00AC78F1 /* DrawerBorder.png */ = {
			isa = PBXVariantGroup;
			children = (
				B2B89108121CD28D00AC78F1 /* English */,
			);
			name = DrawerBorder.png;
			sourceTree = "<group>";
		};
		B2B89109121CD28D00AC78F1 /* DrawerResizeHandle.png */ = {
			isa = PBXVariantGroup;
			children = (
				B2B8910A121CD28D00AC78F1 /* English */,
			);
			name = DrawerResizeHandle.png;
			sourceTree = "<group>";
		};
		B2B8910B121CD28D00AC78F1 /* InfoPlist.strings */ = {
			isa = PBXVariantGroup;
			children = (
				B2B8910C121CD28D00AC78F1 /* English */,
			);
			name = InfoPlist.strings;
			sourceTree = "<group>";
		};
		B2B8910D121CD28D00AC78F1 /* OpenTerminalHere.png */ = {
			isa = PBXVariantGroup;
			children = (
				B2B8910E121CD28D00AC78F1 /* English */,
			);
			name = OpenTerminalHere.png;
			sourceTree = "<group>";
		};
		B2B8910F121CD28D00AC78F1 /* OpenTerminalHerePressed.png */ = {
			isa = PBXVariantGroup;
			children = (
				B2B89110121CD28D00AC78F1 /* English */,
			);
			name = OpenTerminalHerePressed.png;
			sourceTree = "<group>";
		};
/* End PBXVariantGroup section */

/* Begin XCBuildConfiguration section */
		1DEB913B08733D840010E9CD /* Debug */ = {
			isa = XCBuildConfiguration;
			buildSettings = {
				ARCHS = "$(ARCHS_STANDARD_32_64_BIT_PRE_XCODE_3_1)";
				ARCHS_STANDARD_32_64_BIT_PRE_XCODE_3_1 = "x86_64 i386 ppc";
				COPY_PHASE_STRIP = NO;
				GCC_DYNAMIC_NO_PIC = NO;
				GCC_ENABLE_FIX_AND_CONTINUE = YES;
				GCC_MODEL_TUNING = G5;
				GCC_OPTIMIZATION_LEVEL = 0;
				GCC_PRECOMPILE_PREFIX_HEADER = YES;
				GCC_PREFIX_HEADER = "Other Sources/MissingDrawer_Prefix.pch";
				GCC_PREPROCESSOR_DEFINITIONS = "ENABLE_DEBUG_MODE=1";
				GCC_WARN_TYPECHECK_CALLS_TO_PRINTF = NO;
				INFOPLIST_FILE = Resources/Info.plist;
				INSTALL_PATH = "$(HOME)/Library/Bundles";
				PRODUCT_NAME = MissingDrawer;
				SDKROOT = "$(DEVELOPER_SDK_DIR)/MacOSX10.6.sdk";
				WRAPPER_EXTENSION = tmplugin;
				ZERO_LINK = YES;
			};
			name = Debug;
		};
		1DEB913C08733D840010E9CD /* Release */ = {
			isa = XCBuildConfiguration;
			buildSettings = {
				ARCHS = "$(ARCHS_STANDARD_32_64_BIT_PRE_XCODE_3_1)";
				ARCHS_STANDARD_32_64_BIT_PRE_XCODE_3_1 = "x86_64 i386 ppc";
				GCC_GENERATE_DEBUGGING_SYMBOLS = NO;
				GCC_MODEL_TUNING = G5;
				GCC_PRECOMPILE_PREFIX_HEADER = YES;
				GCC_PREFIX_HEADER = "Other Sources/MissingDrawer_Prefix.pch";
				GCC_PREPROCESSOR_DEFINITIONS = "ENABLE_LOGS=0";
				GCC_WARN_TYPECHECK_CALLS_TO_PRINTF = NO;
				INFOPLIST_FILE = Resources/Info.plist;
				INSTALL_PATH = "$(HOME)/Library/Bundles";
				ONLY_ACTIVE_ARCH = NO;
				PRODUCT_NAME = MissingDrawer;
				SDKROOT = "$(DEVELOPER_SDK_DIR)/MacOSX10.6.sdk";
				WRAPPER_EXTENSION = tmplugin;
			};
			name = Release;
		};
		1DEB913F08733D840010E9CD /* Debug */ = {
			isa = XCBuildConfiguration;
			buildSettings = {
				ARCHS = "$(ARCHS_STANDARD_32_64_BIT_PRE_XCODE_3_1)";
				ARCHS_STANDARD_32_64_BIT_PRE_XCODE_3_1 = "x86_64 i386 ppc";
				GCC_WARN_ABOUT_RETURN_TYPE = YES;
				GCC_WARN_UNUSED_VARIABLE = YES;
				PREBINDING = NO;
				SDKROOT = "$(DEVELOPER_SDK_DIR)/MacOSX10.6.sdk";
			};
			name = Debug;
		};
		1DEB914008733D840010E9CD /* Release */ = {
			isa = XCBuildConfiguration;
			buildSettings = {
				GCC_WARN_ABOUT_RETURN_TYPE = YES;
				GCC_WARN_UNUSED_VARIABLE = YES;
				PREBINDING = NO;
				SDKROOT = /Developer/SDKs/MacOSX10.4u.sdk;
			};
			name = Release;
		};
/* End XCBuildConfiguration section */

/* Begin XCConfigurationList section */
		1DEB913A08733D840010E9CD /* Build configuration list for PBXNativeTarget "MissingDrawer" */ = {
			isa = XCConfigurationList;
			buildConfigurations = (
				1DEB913B08733D840010E9CD /* Debug */,
				1DEB913C08733D840010E9CD /* Release */,
			);
			defaultConfigurationIsVisible = 0;
			defaultConfigurationName = Release;
		};
		1DEB913E08733D840010E9CD /* Build configuration list for PBXProject "MissingDrawer" */ = {
			isa = XCConfigurationList;
			buildConfigurations = (
				1DEB913F08733D840010E9CD /* Debug */,
				1DEB914008733D840010E9CD /* Release */,
			);
			defaultConfigurationIsVisible = 0;
			defaultConfigurationName = Release;
		};
/* End XCConfigurationList section */
	};
	rootObject = 089C1669FE841209C02AAC07 /* Project object */;
}
